// !$*UTF8*$!
{
	archiveVersion = 1;
	classes = {
	};
	objectVersion = 55;
	objects = {

/* Begin PBXBuildFile section */
		A5A988AA27170F3B00E6B268 /* AppDelegate.swift in Sources */ = {isa = PBXBuildFile; fileRef = A5A988A927170F3B00E6B268 /* AppDelegate.swift */; };
		A5A988AC27170F3B00E6B268 /* SceneDelegate.swift in Sources */ = {isa = PBXBuildFile; fileRef = A5A988AB27170F3B00E6B268 /* SceneDelegate.swift */; };
		A5A988AE27170F3B00E6B268 /* ViewController.swift in Sources */ = {isa = PBXBuildFile; fileRef = A5A988AD27170F3B00E6B268 /* ViewController.swift */; };
		A5A988B127170F3B00E6B268 /* Main.storyboard in Resources */ = {isa = PBXBuildFile; fileRef = A5A988AF27170F3B00E6B268 /* Main.storyboard */; };
		A5A988B327170F3D00E6B268 /* Assets.xcassets in Resources */ = {isa = PBXBuildFile; fileRef = A5A988B227170F3D00E6B268 /* Assets.xcassets */; };
		A5A988B627170F3D00E6B268 /* LaunchScreen.storyboard in Resources */ = {isa = PBXBuildFile; fileRef = A5A988B427170F3D00E6B268 /* LaunchScreen.storyboard */; };
		A5A988BE27170F7400E6B268 /* MainCoordinator.swift in Sources */ = {isa = PBXBuildFile; fileRef = A5A988BD27170F7400E6B268 /* MainCoordinator.swift */; };
		A5A988C02717103B00E6B268 /* Coordinator.swift in Sources */ = {isa = PBXBuildFile; fileRef = A5A988BF2717103B00E6B268 /* Coordinator.swift */; };
		A5A988C22717108F00E6B268 /* Storyboarded.swift in Sources */ = {isa = PBXBuildFile; fileRef = A5A988C12717108F00E6B268 /* Storyboarded.swift */; };
		A5A988C42717127100E6B268 /* BuyViewController.swift in Sources */ = {isa = PBXBuildFile; fileRef = A5A988C32717127100E6B268 /* BuyViewController.swift */; };
		A5A988C62717128000E6B268 /* CreateAccountViewController.swift in Sources */ = {isa = PBXBuildFile; fileRef = A5A988C52717128000E6B268 /* CreateAccountViewController.swift */; };
		A5A988C827171EA500E6B268 /* BuyCoordinator.swift in Sources */ = {isa = PBXBuildFile; fileRef = A5A988C727171EA500E6B268 /* BuyCoordinator.swift */; };
		A5A988CC2717251000E6B268 /* BuyDetailViewController.swift in Sources */ = {isa = PBXBuildFile; fileRef = A5A988CB2717251000E6B268 /* BuyDetailViewController.swift */; };
/* End PBXBuildFile section */

/* Begin PBXFileReference section */
		A5A988A627170F3B00E6B268 /* CoordinatorPattern.app */ = {isa = PBXFileReference; explicitFileType = wrapper.application; includeInIndex = 0; path = CoordinatorPattern.app; sourceTree = BUILT_PRODUCTS_DIR; };
		A5A988A927170F3B00E6B268 /* AppDelegate.swift */ = {isa = PBXFileReference; lastKnownFileType = sourcecode.swift; path = AppDelegate.swift; sourceTree = "<group>"; };
		A5A988AB27170F3B00E6B268 /* SceneDelegate.swift */ = {isa = PBXFileReference; lastKnownFileType = sourcecode.swift; path = SceneDelegate.swift; sourceTree = "<group>"; };
		A5A988AD27170F3B00E6B268 /* ViewController.swift */ = {isa = PBXFileReference; lastKnownFileType = sourcecode.swift; path = ViewController.swift; sourceTree = "<group>"; };
		A5A988B027170F3B00E6B268 /* Base */ = {isa = PBXFileReference; lastKnownFileType = file.storyboard; name = Base; path = Base.lproj/Main.storyboard; sourceTree = "<group>"; };
		A5A988B227170F3D00E6B268 /* Assets.xcassets */ = {isa = PBXFileReference; lastKnownFileType = folder.assetcatalog; path = Assets.xcassets; sourceTree = "<group>"; };
		A5A988B527170F3D00E6B268 /* Base */ = {isa = PBXFileReference; lastKnownFileType = file.storyboard; name = Base; path = Base.lproj/LaunchScreen.storyboard; sourceTree = "<group>"; };
		A5A988B727170F3D00E6B268 /* Info.plist */ = {isa = PBXFileReference; lastKnownFileType = text.plist.xml; path = Info.plist; sourceTree = "<group>"; };
		A5A988BD27170F7400E6B268 /* MainCoordinator.swift */ = {isa = PBXFileReference; lastKnownFileType = sourcecode.swift; path = MainCoordinator.swift; sourceTree = "<group>"; };
		A5A988BF2717103B00E6B268 /* Coordinator.swift */ = {isa = PBXFileReference; lastKnownFileType = sourcecode.swift; path = Coordinator.swift; sourceTree = "<group>"; };
		A5A988C12717108F00E6B268 /* Storyboarded.swift */ = {isa = PBXFileReference; lastKnownFileType = sourcecode.swift; path = Storyboarded.swift; sourceTree = "<group>"; };
		A5A988C32717127100E6B268 /* BuyViewController.swift */ = {isa = PBXFileReference; lastKnownFileType = sourcecode.swift; path = BuyViewController.swift; sourceTree = "<group>"; };
		A5A988C52717128000E6B268 /* CreateAccountViewController.swift */ = {isa = PBXFileReference; lastKnownFileType = sourcecode.swift; path = CreateAccountViewController.swift; sourceTree = "<group>"; };
		A5A988C727171EA500E6B268 /* BuyCoordinator.swift */ = {isa = PBXFileReference; lastKnownFileType = sourcecode.swift; path = BuyCoordinator.swift; sourceTree = "<group>"; };
		A5A988CB2717251000E6B268 /* BuyDetailViewController.swift */ = {isa = PBXFileReference; lastKnownFileType = sourcecode.swift; path = BuyDetailViewController.swift; sourceTree = "<group>"; };
/* End PBXFileReference section */

/* Begin PBXFrameworksBuildPhase section */
		A5A988A327170F3B00E6B268 /* Frameworks */ = {
			isa = PBXFrameworksBuildPhase;
			buildActionMask = 2147483647;
			files = (
			);
			runOnlyForDeploymentPostprocessing = 0;
		};
/* End PBXFrameworksBuildPhase section */

/* Begin PBXGroup section */
		A5A9889D27170F3B00E6B268 = {
			isa = PBXGroup;
			children = (
				A5A988A827170F3B00E6B268 /* CoordinatorPattern */,
				A5A988A727170F3B00E6B268 /* Products */,
			);
			sourceTree = "<group>";
		};
		A5A988A727170F3B00E6B268 /* Products */ = {
			isa = PBXGroup;
			children = (
				A5A988A627170F3B00E6B268 /* CoordinatorPattern.app */,
			);
			name = Products;
			sourceTree = "<group>";
		};
		A5A988A827170F3B00E6B268 /* CoordinatorPattern */ = {
			isa = PBXGroup;
			children = (
				A5A988CA2717204300E6B268 /* Coordinators */,
				A5A988C92717202E00E6B268 /* ViewControllers */,
				A5A988A927170F3B00E6B268 /* AppDelegate.swift */,
				A5A988AB27170F3B00E6B268 /* SceneDelegate.swift */,
				A5A988AF27170F3B00E6B268 /* Main.storyboard */,
				A5A988B227170F3D00E6B268 /* Assets.xcassets */,
				A5A988B427170F3D00E6B268 /* LaunchScreen.storyboard */,
				A5A988B727170F3D00E6B268 /* Info.plist */,
				A5A988C12717108F00E6B268 /* Storyboarded.swift */,
			);
			path = CoordinatorPattern;
			sourceTree = "<group>";
		};
		A5A988C92717202E00E6B268 /* ViewControllers */ = {
			isa = PBXGroup;
			children = (
				A5A988AD27170F3B00E6B268 /* ViewController.swift */,
				A5A988C32717127100E6B268 /* BuyViewController.swift */,
				A5A988C52717128000E6B268 /* CreateAccountViewController.swift */,
				A5A988CB2717251000E6B268 /* BuyDetailViewController.swift */,
			);
			path = ViewControllers;
			sourceTree = "<group>";
		};
		A5A988CA2717204300E6B268 /* Coordinators */ = {
			isa = PBXGroup;
			children = (
				A5A988BD27170F7400E6B268 /* MainCoordinator.swift */,
				A5A988BF2717103B00E6B268 /* Coordinator.swift */,
				A5A988C727171EA500E6B268 /* BuyCoordinator.swift */,
			);
			path = Coordinators;
			sourceTree = "<group>";
		};
/* End PBXGroup section */

/* Begin PBXNativeTarget section */
		A5A988A527170F3B00E6B268 /* CoordinatorPattern */ = {
			isa = PBXNativeTarget;
			buildConfigurationList = A5A988BA27170F3D00E6B268 /* Build configuration list for PBXNativeTarget "CoordinatorPattern" */;
			buildPhases = (
				A5A988A227170F3B00E6B268 /* Sources */,
				A5A988A327170F3B00E6B268 /* Frameworks */,
				A5A988A427170F3B00E6B268 /* Resources */,
			);
			buildRules = (
			);
			dependencies = (
			);
			name = CoordinatorPattern;
			productName = CoordinatorPattern;
			productReference = A5A988A627170F3B00E6B268 /* CoordinatorPattern.app */;
			productType = "com.apple.product-type.application";
		};
/* End PBXNativeTarget section */

/* Begin PBXProject section */
		A5A9889E27170F3B00E6B268 /* Project object */ = {
			isa = PBXProject;
			attributes = {
				BuildIndependentTargetsInParallel = 1;
				LastSwiftUpdateCheck = 1300;
				LastUpgradeCheck = 1300;
				TargetAttributes = {
					A5A988A527170F3B00E6B268 = {
						CreatedOnToolsVersion = 13.0;
					};
				};
			};
			buildConfigurationList = A5A988A127170F3B00E6B268 /* Build configuration list for PBXProject "CoordinatorPattern" */;
			compatibilityVersion = "Xcode 13.0";
			developmentRegion = en;
			hasScannedForEncodings = 0;
			knownRegions = (
				en,
				Base,
			);
			mainGroup = A5A9889D27170F3B00E6B268;
			productRefGroup = A5A988A727170F3B00E6B268 /* Products */;
			projectDirPath = "";
			projectRoot = "";
			targets = (
				A5A988A527170F3B00E6B268 /* CoordinatorPattern */,
			);
		};
/* End PBXProject section */

/* Begin PBXResourcesBuildPhase section */
		A5A988A427170F3B00E6B268 /* Resources */ = {
			isa = PBXResourcesBuildPhase;
			buildActionMask = 2147483647;
			files = (
				A5A988B627170F3D00E6B268 /* LaunchScreen.storyboard in Resources */,
				A5A988B327170F3D00E6B268 /* Assets.xcassets in Resources */,
				A5A988B127170F3B00E6B268 /* Main.storyboard in Resources */,
			);
			runOnlyForDeploymentPostprocessing = 0;
		};
/* End PBXResourcesBuildPhase section */

/* Begin PBXSourcesBuildPhase section */
		A5A988A227170F3B00E6B268 /* Sources */ = {
			isa = PBXSourcesBuildPhase;
			buildActionMask = 2147483647;
			files = (
				A5A988C827171EA500E6B268 /* BuyCoordinator.swift in Sources */,
				A5A988AE27170F3B00E6B268 /* ViewController.swift in Sources */,
				A5A988CC2717251000E6B268 /* BuyDetailViewController.swift in Sources */,
				A5A988BE27170F7400E6B268 /* MainCoordinator.swift in Sources */,
				A5A988C02717103B00E6B268 /* Coordinator.swift in Sources */,
				A5A988AA27170F3B00E6B268 /* AppDelegate.swift in Sources */,
				A5A988C62717128000E6B268 /* CreateAccountViewController.swift in Sources */,
				A5A988AC27170F3B00E6B268 /* SceneDelegate.swift in Sources */,
				A5A988C42717127100E6B268 /* BuyViewController.swift in Sources */,
				A5A988C22717108F00E6B268 /* Storyboarded.swift in Sources */,
			);
			runOnlyForDeploymentPostprocessing = 0;
		};
/* End PBXSourcesBuildPhase section */

/* Begin PBXVariantGroup section */
		A5A988AF27170F3B00E6B268 /* Main.storyboard */ = {
			isa = PBXVariantGroup;
			children = (
				A5A988B027170F3B00E6B268 /* Base */,
			);
			name = Main.storyboard;
			sourceTree = "<group>";
		};
		A5A988B427170F3D00E6B268 /* LaunchScreen.storyboard */ = {
			isa = PBXVariantGroup;
			children = (
				A5A988B527170F3D00E6B268 /* Base */,
			);
			name = LaunchScreen.storyboard;
			sourceTree = "<group>";
		};
/* End PBXVariantGroup section */

/* Begin XCBuildConfiguration section */
		A5A988B827170F3D00E6B268 /* Debug */ = {
			isa = XCBuildConfiguration;
			buildSettings = {
				ALWAYS_SEARCH_USER_PATHS = NO;
				CLANG_ANALYZER_NONNULL = YES;
				CLANG_ANALYZER_NUMBER_OBJECT_CONVERSION = YES_AGGRESSIVE;
				CLANG_CXX_LANGUAGE_STANDARD = "gnu++17";
				CLANG_CXX_LIBRARY = "libc++";
				CLANG_ENABLE_MODULES = YES;
				CLANG_ENABLE_OBJC_ARC = YES;
				CLANG_ENABLE_OBJC_WEAK = YES;
				CLANG_WARN_BLOCK_CAPTURE_AUTORELEASING = YES;
				CLANG_WARN_BOOL_CONVERSION = YES;
				CLANG_WARN_COMMA = YES;
				CLANG_WARN_CONSTANT_CONVERSION = YES;
				CLANG_WARN_DEPRECATED_OBJC_IMPLEMENTATIONS = YES;
				CLANG_WARN_DIRECT_OBJC_ISA_USAGE = YES_ERROR;
				CLANG_WARN_DOCUMENTATION_COMMENTS = YES;
				CLANG_WARN_EMPTY_BODY = YES;
				CLANG_WARN_ENUM_CONVERSION = YES;
				CLANG_WARN_INFINITE_RECURSION = YES;
				CLANG_WARN_INT_CONVERSION = YES;
				CLANG_WARN_NON_LITERAL_NULL_CONVERSION = YES;
				CLANG_WARN_OBJC_IMPLICIT_RETAIN_SELF = YES;
				CLANG_WARN_OBJC_LITERAL_CONVERSION = YES;
				CLANG_WARN_OBJC_ROOT_CLASS = YES_ERROR;
				CLANG_WARN_QUOTED_INCLUDE_IN_FRAMEWORK_HEADER = YES;
				CLANG_WARN_RANGE_LOOP_ANALYSIS = YES;
				CLANG_WARN_STRICT_PROTOTYPES = YES;
				CLANG_WARN_SUSPICIOUS_MOVE = YES;
				CLANG_WARN_UNGUARDED_AVAILABILITY = YES_AGGRESSIVE;
				CLANG_WARN_UNREACHABLE_CODE = YES;
				CLANG_WARN__DUPLICATE_METHOD_MATCH = YES;
				COPY_PHASE_STRIP = NO;
				DEBUG_INFORMATION_FORMAT = dwarf;
				ENABLE_STRICT_OBJC_MSGSEND = YES;
				ENABLE_TESTABILITY = YES;
				GCC_C_LANGUAGE_STANDARD = gnu11;
				GCC_DYNAMIC_NO_PIC = NO;
				GCC_NO_COMMON_BLOCKS = YES;
				GCC_OPTIMIZATION_LEVEL = 0;
				GCC_PREPROCESSOR_DEFINITIONS = (
					"DEBUG=1",
					"$(inherited)",
				);
				GCC_WARN_64_TO_32_BIT_CONVERSION = YES;
				GCC_WARN_ABOUT_RETURN_TYPE = YES_ERROR;
				GCC_WARN_UNDECLARED_SELECTOR = YES;
				GCC_WARN_UNINITIALIZED_AUTOS = YES_AGGRESSIVE;
				GCC_WARN_UNUSED_FUNCTION = YES;
				GCC_WARN_UNUSED_VARIABLE = YES;
				IPHONEOS_DEPLOYMENT_TARGET = 15.0;
				MTL_ENABLE_DEBUG_INFO = INCLUDE_SOURCE;
				MTL_FAST_MATH = YES;
				ONLY_ACTIVE_ARCH = YES;
				SDKROOT = iphoneos;
				SWIFT_ACTIVE_COMPILATION_CONDITIONS = DEBUG;
				SWIFT_OPTIMIZATION_LEVEL = "-Onone";
			};
			name = Debug;
		};
		A5A988B927170F3D00E6B268 /* Release */ = {
			isa = XCBuildConfiguration;
			buildSettings = {
				ALWAYS_SEARCH_USER_PATHS = NO;
				CLANG_ANALYZER_NONNULL = YES;
				CLANG_ANALYZER_NUMBER_OBJECT_CONVERSION = YES_AGGRESSIVE;
				CLANG_CXX_LANGUAGE_STANDARD = "gnu++17";
				CLANG_CXX_LIBRARY = "libc++";
				CLANG_ENABLE_MODULES = YES;
				CLANG_ENABLE_OBJC_ARC = YES;
				CLANG_ENABLE_OBJC_WEAK = YES;
				CLANG_WARN_BLOCK_CAPTURE_AUTORELEASING = YES;
				CLANG_WARN_BOOL_CONVERSION = YES;
				CLANG_WARN_COMMA = YES;
				CLANG_WARN_CONSTANT_CONVERSION = YES;
				CLANG_WARN_DEPRECATED_OBJC_IMPLEMENTATIONS = YES;
				CLANG_WARN_DIRECT_OBJC_ISA_USAGE = YES_ERROR;
				CLANG_WARN_DOCUMENTATION_COMMENTS = YES;
				CLANG_WARN_EMPTY_BODY = YES;
				CLANG_WARN_ENUM_CONVERSION = YES;
				CLANG_WARN_INFINITE_RECURSION = YES;
				CLANG_WARN_INT_CONVERSION = YES;
				CLANG_WARN_NON_LITERAL_NULL_CONVERSION = YES;
				CLANG_WARN_OBJC_IMPLICIT_RETAIN_SELF = YES;
				CLANG_WARN_OBJC_LITERAL_CONVERSION = YES;
				CLANG_WARN_OBJC_ROOT_CLASS = YES_ERROR;
				CLANG_WARN_QUOTED_INCLUDE_IN_FRAMEWORK_HEADER = YES;
				CLANG_WARN_RANGE_LOOP_ANALYSIS = YES;
				CLANG_WARN_STRICT_PROTOTYPES = YES;
				CLANG_WARN_SUSPICIOUS_MOVE = YES;
				CLANG_WARN_UNGUARDED_AVAILABILITY = YES_AGGRESSIVE;
				CLANG_WARN_UNREACHABLE_CODE = YES;
				CLANG_WARN__DUPLICATE_METHOD_MATCH = YES;
				COPY_PHASE_STRIP = NO;
				DEBUG_INFORMATION_FORMAT = "dwarf-with-dsym";
				ENABLE_NS_ASSERTIONS = NO;
				ENABLE_STRICT_OBJC_MSGSEND = YES;
				GCC_C_LANGUAGE_STANDARD = gnu11;
				GCC_NO_COMMON_BLOCKS = YES;
				GCC_WARN_64_TO_32_BIT_CONVERSION = YES;
				GCC_WARN_ABOUT_RETURN_TYPE = YES_ERROR;
				GCC_WARN_UNDECLARED_SELECTOR = YES;
				GCC_WARN_UNINITIALIZED_AUTOS = YES_AGGRESSIVE;
				GCC_WARN_UNUSED_FUNCTION = YES;
				GCC_WARN_UNUSED_VARIABLE = YES;
				IPHONEOS_DEPLOYMENT_TARGET = 15.0;
				MTL_ENABLE_DEBUG_INFO = NO;
				MTL_FAST_MATH = YES;
				SDKROOT = iphoneos;
				SWIFT_COMPILATION_MODE = wholemodule;
				SWIFT_OPTIMIZATION_LEVEL = "-O";
				VALIDATE_PRODUCT = YES;
			};
			name = Release;
		};
		A5A988BB27170F3D00E6B268 /* Debug */ = {
			isa = XCBuildConfiguration;
			buildSettings = {
				ASSETCATALOG_COMPILER_APPICON_NAME = AppIcon;
				ASSETCATALOG_COMPILER_GLOBAL_ACCENT_COLOR_NAME = AccentColor;
				CODE_SIGN_STYLE = Automatic;
				CURRENT_PROJECT_VERSION = 1;
				DEVELOPMENT_TEAM = F3927U94X8;
				GENERATE_INFOPLIST_FILE = YES;
				INFOPLIST_FILE = CoordinatorPattern/Info.plist;
				INFOPLIST_KEY_UIApplicationSupportsIndirectInputEvents = YES;
				INFOPLIST_KEY_UILaunchStoryboardName = LaunchScreen;
				INFOPLIST_KEY_UISupportedInterfaceOrientations_iPad = "UIInterfaceOrientationPortrait UIInterfaceOrientationPortraitUpsideDown UIInterfaceOrientationLandscapeLeft UIInterfaceOrientationLandscapeRight";
				INFOPLIST_KEY_UISupportedInterfaceOrientations_iPhone = "UIInterfaceOrientationPortrait UIInterfaceOrientationLandscapeLeft UIInterfaceOrientationLandscapeRight";
				LD_RUNPATH_SEARCH_PATHS = (
					"$(inherited)",
					"@executable_path/Frameworks",
				);
				MARKETING_VERSION = 1.0;
				PRODUCT_BUNDLE_IDENTIFIER = com.messingAround.CoordinatorPattern;
				PRODUCT_NAME = "$(TARGET_NAME)";
				SWIFT_EMIT_LOC_STRINGS = YES;
				SWIFT_VERSION = 5.0;
				TARGETED_DEVICE_FAMILY = "1,2";
			};
			name = Debug;
		};
		A5A988BC27170F3D00E6B268 /* Release */ = {
			isa = XCBuildConfiguration;
			buildSettings = {
				ASSETCATALOG_COMPILER_APPICON_NAME = AppIcon;
				ASSETCATALOG_COMPILER_GLOBAL_ACCENT_COLOR_NAME = AccentColor;
				CODE_SIGN_STYLE = Automatic;
				CURRENT_PROJECT_VERSION = 1;
				DEVELOPMENT_TEAM = F3927U94X8;
				GENERATE_INFOPLIST_FILE = YES;
				INFOPLIST_FILE = CoordinatorPattern/Info.plist;
				INFOPLIST_KEY_UIApplicationSupportsIndirectInputEvents = YES;
				INFOPLIST_KEY_UILaunchStoryboardName = LaunchScreen;
				INFOPLIST_KEY_UISupportedInterfaceOrientations_iPad = "UIInterfaceOrientationPortrait UIInterfaceOrientationPortraitUpsideDown UIInterfaceOrientationLandscapeLeft UIInterfaceOrientationLandscapeRight";
				INFOPLIST_KEY_UISupportedInterfaceOrientations_iPhone = "UIInterfaceOrientationPortrait UIInterfaceOrientationLandscapeLeft UIInterfaceOrientationLandscapeRight";
				LD_RUNPATH_SEARCH_PATHS = (
					"$(inherited)",
					"@executable_path/Frameworks",
				);
				MARKETING_VERSION = 1.0;
				PRODUCT_BUNDLE_IDENTIFIER = com.messingAround.CoordinatorPattern;
				PRODUCT_NAME = "$(TARGET_NAME)";
				SWIFT_EMIT_LOC_STRINGS = YES;
				SWIFT_VERSION = 5.0;
				TARGETED_DEVICE_FAMILY = "1,2";
			};
			name = Release;
		};
/* End XCBuildConfiguration section */

/* Begin XCConfigurationList section */
		A5A988A127170F3B00E6B268 /* Build configuration list for PBXProject "CoordinatorPattern" */ = {
			isa = XCConfigurationList;
			buildConfigurations = (
				A5A988B827170F3D00E6B268 /* Debug */,
				A5A988B927170F3D00E6B268 /* Release */,
			);
			defaultConfigurationIsVisible = 0;
			defaultConfigurationName = Release;
		};
		A5A988BA27170F3D00E6B268 /* Build configuration list for PBXNativeTarget "CoordinatorPattern" */ = {
			isa = XCConfigurationList;
			buildConfigurations = (
				A5A988BB27170F3D00E6B268 /* Debug */,
				A5A988BC27170F3D00E6B268 /* Release */,
			);
			defaultConfigurationIsVisible = 0;
			defaultConfigurationName = Release;
		};
/* End XCConfigurationList section */
	};
	rootObject = A5A9889E27170F3B00E6B268 /* Project object */;
}
